// !$*UTF8*$!
{
	archiveVersion = 1;
	classes = {
	};
	objectVersion = 56;
	objects = {

/* Begin PBXBuildFile section */
		0B7CC5522F1766F2008E3886 /* RickyMortyAppApp.swift in Sources */ = {isa = PBXBuildFile; fileRef = 0B7CC5512F1766F2008E3886 /* RickyMortyAppApp.swift */; };
		0B7CC5542F1766F2008E3886 /* ContentView.swift in Sources */ = {isa = PBXBuildFile; fileRef = 0B7CC5532F1766F2008E3886 /* ContentView.swift */; };
		0B7CC5562F1766F3008E3886 /* Assets.xcassets in Resources */ = {isa = PBXBuildFile; fileRef = 0B7CC5552F1766F3008E3886 /* Assets.xcassets */; };
		0B7CC5592F1766F3008E3886 /* Preview Assets.xcassets in Resources */ = {isa = PBXBuildFile; fileRef = 0B7CC5582F1766F3008E3886 /* Preview Assets.xcassets */; };
		0B7CC5632F1766F4008E3886 /* RickyMortyAppTests.swift in Sources */ = {isa = PBXBuildFile; fileRef = 0B7CC5622F1766F4008E3886 /* RickyMortyAppTests.swift */; };
		0B7CC56D2F1766F4008E3886 /* RickyMortyAppUITests.swift in Sources */ = {isa = PBXBuildFile; fileRef = 0B7CC56C2F1766F4008E3886 /* RickyMortyAppUITests.swift */; };
		0B7CC56F2F1766F4008E3886 /* RickyMortyAppUITestsLaunchTests.swift in Sources */ = {isa = PBXBuildFile; fileRef = 0B7CC56E2F1766F4008E3886 /* RickyMortyAppUITestsLaunchTests.swift */; };
/* End PBXBuildFile section */

/* Begin PBXContainerItemProxy section */
		0B7CC55F2F1766F4008E3886 /* PBXContainerItemProxy */ = {
			isa = PBXContainerItemProxy;
			containerPortal = 0B7CC5462F1766F2008E3886 /* Project object */;
			proxyType = 1;
			remoteGlobalIDString = 0B7CC54D2F1766F2008E3886;
			remoteInfo = RickyMortyApp;
		};
		0B7CC5692F1766F4008E3886 /* PBXContainerItemProxy */ = {
			isa = PBXContainerItemProxy;
			containerPortal = 0B7CC5462F1766F2008E3886 /* Project object */;
			proxyType = 1;
			remoteGlobalIDString = 0B7CC54D2F1766F2008E3886;
			remoteInfo = RickyMortyApp;
		};
/* End PBXContainerItemProxy section */

/* Begin PBXFileReference section */
		0B7CC54E2F1766F2008E3886 /* RickyMortyApp.app */ = {isa = PBXFileReference; explicitFileType = wrapper.application; includeInIndex = 0; path = RickyMortyApp.app; sourceTree = BUILT_PRODUCTS_DIR; };
		0B7CC5512F1766F2008E3886 /* RickyMortyAppApp.swift */ = {isa = PBXFileReference; lastKnownFileType = sourcecode.swift; path = RickyMortyAppApp.swift; sourceTree = "<group>"; };
		0B7CC5532F1766F2008E3886 /* ContentView.swift */ = {isa = PBXFileReference; lastKnownFileType = sourcecode.swift; path = ContentView.swift; sourceTree = "<group>"; };
		0B7CC5552F1766F3008E3886 /* Assets.xcassets */ = {isa = PBXFileReference; lastKnownFileType = folder.assetcatalog; path = Assets.xcassets; sourceTree = "<group>"; };
		0B7CC5582F1766F3008E3886 /* Preview Assets.xcassets */ = {isa = PBXFileReference; lastKnownFileType = folder.assetcatalog; path = "Preview Assets.xcassets"; sourceTree = "<group>"; };
		0B7CC55E2F1766F4008E3886 /* RickyMortyAppTests.xctest */ = {isa = PBXFileReference; explicitFileType = wrapper.cfbundle; includeInIndex = 0; path = RickyMortyAppTests.xctest; sourceTree = BUILT_PRODUCTS_DIR; };
		0B7CC5622F1766F4008E3886 /* RickyMortyAppTests.swift */ = {isa = PBXFileReference; lastKnownFileType = sourcecode.swift; path = RickyMortyAppTests.swift; sourceTree = "<group>"; };
		0B7CC5682F1766F4008E3886 /* RickyMortyAppUITests.xctest */ = {isa = PBXFileReference; explicitFileType = wrapper.cfbundle; includeInIndex = 0; path = RickyMortyAppUITests.xctest; sourceTree = BUILT_PRODUCTS_DIR; };
		0B7CC56C2F1766F4008E3886 /* RickyMortyAppUITests.swift */ = {isa = PBXFileReference; lastKnownFileType = sourcecode.swift; path = RickyMortyAppUITests.swift; sourceTree = "<group>"; };
		0B7CC56E2F1766F4008E3886 /* RickyMortyAppUITestsLaunchTests.swift */ = {isa = PBXFileReference; lastKnownFileType = sourcecode.swift; path = RickyMortyAppUITestsLaunchTests.swift; sourceTree = "<group>"; };
/* End PBXFileReference section */

/* Begin PBXFrameworksBuildPhase section */
		0B7CC54B2F1766F2008E3886 /* Frameworks */ = {
			isa = PBXFrameworksBuildPhase;
			buildActionMask = 2147483647;
			files = (
			);
			runOnlyForDeploymentPostprocessing = 0;
		};
		0B7CC55B2F1766F4008E3886 /* Frameworks */ = {
			isa = PBXFrameworksBuildPhase;
			buildActionMask = 2147483647;
			files = (
			);
			runOnlyForDeploymentPostprocessing = 0;
		};
		0B7CC5652F1766F4008E3886 /* Frameworks */ = {
			isa = PBXFrameworksBuildPhase;
			buildActionMask = 2147483647;
			files = (
			);
			runOnlyForDeploymentPostprocessing = 0;
		};
/* End PBXFrameworksBuildPhase section */

/* Begin PBXGroup section */
		0B7CC5452F1766F2008E3886 = {
			isa = PBXGroup;
			children = (
				0B7CC5502F1766F2008E3886 /* RickyMortyApp */,
				0B7CC5612F1766F4008E3886 /* RickyMortyAppTests */,
				0B7CC56B2F1766F4008E3886 /* RickyMortyAppUITests */,
				0B7CC54F2F1766F2008E3886 /* Products */,
			);
			sourceTree = "<group>";
		};
		0B7CC54F2F1766F2008E3886 /* Products */ = {
			isa = PBXGroup;
			children = (
				0B7CC54E2F1766F2008E3886 /* RickyMortyApp.app */,
				0B7CC55E2F1766F4008E3886 /* RickyMortyAppTests.xctest */,
				0B7CC5682F1766F4008E3886 /* RickyMortyAppUITests.xctest */,
			);
			name = Products;
			sourceTree = "<group>";
		};
		0B7CC5502F1766F2008E3886 /* RickyMortyApp */ = {
			isa = PBXGroup;
			children = (
				0B7CC5512F1766F2008E3886 /* RickyMortyAppApp.swift */,
				0B7CC5532F1766F2008E3886 /* ContentView.swift */,
				0B7CC5552F1766F3008E3886 /* Assets.xcassets */,
				0B7CC5572F1766F3008E3886 /* Preview Content */,
			);
			path = RickyMortyApp;
			sourceTree = "<group>";
		};
		0B7CC5572F1766F3008E3886 /* Preview Content */ = {
			isa = PBXGroup;
			children = (
				0B7CC5582F1766F3008E3886 /* Preview Assets.xcassets */,
			);
			path = "Preview Content";
			sourceTree = "<group>";
		};
		0B7CC5612F1766F4008E3886 /* RickyMortyAppTests */ = {
			isa = PBXGroup;
			children = (
				0B7CC5622F1766F4008E3886 /* RickyMortyAppTests.swift */,
			);
			path = RickyMortyAppTests;
			sourceTree = "<group>";
		};
		0B7CC56B2F1766F4008E3886 /* RickyMortyAppUITests */ = {
			isa = PBXGroup;
			children = (
				0B7CC56C2F1766F4008E3886 /* RickyMortyAppUITests.swift */,
				0B7CC56E2F1766F4008E3886 /* RickyMortyAppUITestsLaunchTests.swift */,
			);
			path = RickyMortyAppUITests;
			sourceTree = "<group>";
		};
/* End PBXGroup section */

/* Begin PBXNativeTarget section */
		0B7CC54D2F1766F2008E3886 /* RickyMortyApp */ = {
			isa = PBXNativeTarget;
			buildConfigurationList = 0B7CC5722F1766F4008E3886 /* Build configuration list for PBXNativeTarget "RickyMortyApp" */;
			buildPhases = (
				0B7CC54A2F1766F2008E3886 /* Sources */,
				0B7CC54B2F1766F2008E3886 /* Frameworks */,
				0B7CC54C2F1766F2008E3886 /* Resources */,
			);
			buildRules = (
			);
			dependencies = (
			);
			name = RickyMortyApp;
			productName = RickyMortyApp;
			productReference = 0B7CC54E2F1766F2008E3886 /* RickyMortyApp.app */;
			productType = "com.apple.product-type.application";
		};
		0B7CC55D2F1766F4008E3886 /* RickyMortyAppTests */ = {
			isa = PBXNativeTarget;
			buildConfigurationList = 0B7CC5752F1766F4008E3886 /* Build configuration list for PBXNativeTarget "RickyMortyAppTests" */;
			buildPhases = (
				0B7CC55A2F1766F4008E3886 /* Sources */,
				0B7CC55B2F1766F4008E3886 /* Frameworks */,
				0B7CC55C2F1766F4008E3886 /* Resources */,
			);
			buildRules = (
			);
			dependencies = (
				0B7CC5602F1766F4008E3886 /* PBXTargetDependency */,
			);
			name = RickyMortyAppTests;
			productName = RickyMortyAppTests;
			productReference = 0B7CC55E2F1766F4008E3886 /* RickyMortyAppTests.xctest */;
			productType = "com.apple.product-type.bundle.unit-test";
		};
		0B7CC5672F1766F4008E3886 /* RickyMortyAppUITests */ = {
			isa = PBXNativeTarget;
			buildConfigurationList = 0B7CC5782F1766F4008E3886 /* Build configuration list for PBXNativeTarget "RickyMortyAppUITests" */;
			buildPhases = (
				0B7CC5642F1766F4008E3886 /* Sources */,
				0B7CC5652F1766F4008E3886 /* Frameworks */,
				0B7CC5662F1766F4008E3886 /* Resources */,
			);
			buildRules = (
			);
			dependencies = (
				0B7CC56A2F1766F4008E3886 /* PBXTargetDependency */,
			);
			name = RickyMortyAppUITests;
			productName = RickyMortyAppUITests;
			productReference = 0B7CC5682F1766F4008E3886 /* RickyMortyAppUITests.xctest */;
			productType = "com.apple.product-type.bundle.ui-testing";
		};
/* End PBXNativeTarget section */

/* Begin PBXProject section */
		0B7CC5462F1766F2008E3886 /* Project object */ = {
			isa = PBXProject;
			attributes = {
				BuildIndependentTargetsInParallel = 1;
				LastSwiftUpdateCheck = 1520;
				LastUpgradeCheck = 1520;
				TargetAttributes = {
					0B7CC54D2F1766F2008E3886 = {
						CreatedOnToolsVersion = 15.2;
					};
					0B7CC55D2F1766F4008E3886 = {
						CreatedOnToolsVersion = 15.2;
						TestTargetID = 0B7CC54D2F1766F2008E3886;
					};
					0B7CC5672F1766F4008E3886 = {
						CreatedOnToolsVersion = 15.2;
						TestTargetID = 0B7CC54D2F1766F2008E3886;
					};
				};
			};
			buildConfigurationList = 0B7CC5492F1766F2008E3886 /* Build configuration list for PBXProject "RickyMortyApp" */;
			compatibilityVersion = "Xcode 14.0";
			developmentRegion = en;
			hasScannedForEncodings = 0;
			knownRegions = (
				en,
				Base,
			);
			mainGroup = 0B7CC5452F1766F2008E3886;
			productRefGroup = 0B7CC54F2F1766F2008E3886 /* Products */;
			projectDirPath = "";
			projectRoot = "";
			targets = (
				0B7CC54D2F1766F2008E3886 /* RickyMortyApp */,
				0B7CC55D2F1766F4008E3886 /* RickyMortyAppTests */,
				0B7CC5672F1766F4008E3886 /* RickyMortyAppUITests */,
			);
		};
/* End PBXProject section */

/* Begin PBXResourcesBuildPhase section */
		0B7CC54C2F1766F2008E3886 /* Resources */ = {
			isa = PBXResourcesBuildPhase;
			buildActionMask = 2147483647;
			files = (
				0B7CC5592F1766F3008E3886 /* Preview Assets.xcassets in Resources */,
				0B7CC5562F1766F3008E3886 /* Assets.xcassets in Resources */,
			);
			runOnlyForDeploymentPostprocessing = 0;
		};
		0B7CC55C2F1766F4008E3886 /* Resources */ = {
			isa = PBXResourcesBuildPhase;
			buildActionMask = 2147483647;
			files = (
			);
			runOnlyForDeploymentPostprocessing = 0;
		};
		0B7CC5662F1766F4008E3886 /* Resources */ = {
			isa = PBXResourcesBuildPhase;
			buildActionMask = 2147483647;
			files = (
			);
			runOnlyForDeploymentPostprocessing = 0;
		};
/* End PBXResourcesBuildPhase section */

/* Begin PBXSourcesBuildPhase section */
		0B7CC54A2F1766F2008E3886 /* Sources */ = {
			isa = PBXSourcesBuildPhase;
			buildActionMask = 2147483647;
			files = (
				0B7CC5542F1766F2008E3886 /* ContentView.swift in Sources */,
				0B7CC5522F1766F2008E3886 /* RickyMortyAppApp.swift in Sources */,
			);
			runOnlyForDeploymentPostprocessing = 0;
		};
		0B7CC55A2F1766F4008E3886 /* Sources */ = {
			isa = PBXSourcesBuildPhase;
			buildActionMask = 2147483647;
			files = (
				0B7CC5632F1766F4008E3886 /* RickyMortyAppTests.swift in Sources */,
			);
			runOnlyForDeploymentPostprocessing = 0;
		};
		0B7CC5642F1766F4008E3886 /* Sources */ = {
			isa = PBXSourcesBuildPhase;
			buildActionMask = 2147483647;
			files = (
				0B7CC56D2F1766F4008E3886 /* RickyMortyAppUITests.swift in Sources */,
				0B7CC56F2F1766F4008E3886 /* RickyMortyAppUITestsLaunchTests.swift in Sources */,
			);
			runOnlyForDeploymentPostprocessing = 0;
		};
/* End PBXSourcesBuildPhase section */

/* Begin PBXTargetDependency section */
		0B7CC5602F1766F4008E3886 /* PBXTargetDependency */ = {
			isa = PBXTargetDependency;
			target = 0B7CC54D2F1766F2008E3886 /* RickyMortyApp */;
			targetProxy = 0B7CC55F2F1766F4008E3886 /* PBXContainerItemProxy */;
		};
		0B7CC56A2F1766F4008E3886 /* PBXTargetDependency */ = {
			isa = PBXTargetDependency;
			target = 0B7CC54D2F1766F2008E3886 /* RickyMortyApp */;
			targetProxy = 0B7CC5692F1766F4008E3886 /* PBXContainerItemProxy */;
		};
/* End PBXTargetDependency section */

/* Begin XCBuildConfiguration section */
		0B7CC5702F1766F4008E3886 /* Debug */ = {
			isa = XCBuildConfiguration;
			buildSettings = {
				ALWAYS_SEARCH_USER_PATHS = NO;
				ASSETCATALOG_COMPILER_GENERATE_SWIFT_ASSET_SYMBOL_EXTENSIONS = YES;
				CLANG_ANALYZER_NONNULL = YES;
				CLANG_ANALYZER_NUMBER_OBJECT_CONVERSION = YES_AGGRESSIVE;
				CLANG_CXX_LANGUAGE_STANDARD = "gnu++20";
				CLANG_ENABLE_MODULES = YES;
				CLANG_ENABLE_OBJC_ARC = YES;
				CLANG_ENABLE_OBJC_WEAK = YES;
				CLANG_WARN_BLOCK_CAPTURE_AUTORELEASING = YES;
				CLANG_WARN_BOOL_CONVERSION = YES;
				CLANG_WARN_COMMA = YES;
				CLANG_WARN_CONSTANT_CONVERSION = YES;
				CLANG_WARN_DEPRECATED_OBJC_IMPLEMENTATIONS = YES;
				CLANG_WARN_DIRECT_OBJC_ISA_USAGE = YES_ERROR;
				CLANG_WARN_DOCUMENTATION_COMMENTS = YES;
				CLANG_WARN_EMPTY_BODY = YES;
				CLANG_WARN_ENUM_CONVERSION = YES;
				CLANG_WARN_INFINITE_RECURSION = YES;
				CLANG_WARN_INT_CONVERSION = YES;
				CLANG_WARN_NON_LITERAL_NULL_CONVERSION = YES;
				CLANG_WARN_OBJC_IMPLICIT_RETAIN_SELF = YES;
				CLANG_WARN_OBJC_LITERAL_CONVERSION = YES;
				CLANG_WARN_OBJC_ROOT_CLASS = YES_ERROR;
				CLANG_WARN_QUOTED_INCLUDE_IN_FRAMEWORK_HEADER = YES;
				CLANG_WARN_RANGE_LOOP_ANALYSIS = YES;
				CLANG_WARN_STRICT_PROTOTYPES = YES;
				CLANG_WARN_SUSPICIOUS_MOVE = YES;
				CLANG_WARN_UNGUARDED_AVAILABILITY = YES_AGGRESSIVE;
				CLANG_WARN_UNREACHABLE_CODE = YES;
				CLANG_WARN__DUPLICATE_METHOD_MATCH = YES;
				COPY_PHASE_STRIP = NO;
				DEBUG_INFORMATION_FORMAT = dwarf;
				ENABLE_STRICT_OBJC_MSGSEND = YES;
				ENABLE_TESTABILITY = YES;
				ENABLE_USER_SCRIPT_SANDBOXING = YES;
				GCC_C_LANGUAGE_STANDARD = gnu17;
				GCC_DYNAMIC_NO_PIC = NO;
				GCC_NO_COMMON_BLOCKS = YES;
				GCC_OPTIMIZATION_LEVEL = 0;
				GCC_PREPROCESSOR_DEFINITIONS = (
					"DEBUG=1",
					"$(inherited)",
				);
				GCC_WARN_64_TO_32_BIT_CONVERSION = YES;
				GCC_WARN_ABOUT_RETURN_TYPE = YES_ERROR;
				GCC_WARN_UNDECLARED_SELECTOR = YES;
				GCC_WARN_UNINITIALIZED_AUTOS = YES_AGGRESSIVE;
				GCC_WARN_UNUSED_FUNCTION = YES;
				GCC_WARN_UNUSED_VARIABLE = YES;
				IPHONEOS_DEPLOYMENT_TARGET = 17.2;
				LOCALIZATION_PREFERS_STRING_CATALOGS = YES;
				MTL_ENABLE_DEBUG_INFO = INCLUDE_SOURCE;
				MTL_FAST_MATH = YES;
				ONLY_ACTIVE_ARCH = YES;
				SDKROOT = iphoneos;
				SWIFT_ACTIVE_COMPILATION_CONDITIONS = "DEBUG $(inherited)";
				SWIFT_OPTIMIZATION_LEVEL = "-Onone";
			};
			name = Debug;
		};
		0B7CC5712F1766F4008E3886 /* Release */ = {
			isa = XCBuildConfiguration;
			buildSettings = {
				ALWAYS_SEARCH_USER_PATHS = NO;
				ASSETCATALOG_COMPILER_GENERATE_SWIFT_ASSET_SYMBOL_EXTENSIONS = YES;
				CLANG_ANALYZER_NONNULL = YES;
				CLANG_ANALYZER_NUMBER_OBJECT_CONVERSION = YES_AGGRESSIVE;
				CLANG_CXX_LANGUAGE_STANDARD = "gnu++20";
				CLANG_ENABLE_MODULES = YES;
				CLANG_ENABLE_OBJC_ARC = YES;
				CLANG_ENABLE_OBJC_WEAK = YES;
				CLANG_WARN_BLOCK_CAPTURE_AUTORELEASING = YES;
				CLANG_WARN_BOOL_CONVERSION = YES;
				CLANG_WARN_COMMA = YES;
				CLANG_WARN_CONSTANT_CONVERSION = YES;
				CLANG_WARN_DEPRECATED_OBJC_IMPLEMENTATIONS = YES;
				CLANG_WARN_DIRECT_OBJC_ISA_USAGE = YES_ERROR;
				CLANG_WARN_DOCUMENTATION_COMMENTS = YES;
				CLANG_WARN_EMPTY_BODY = YES;
				CLANG_WARN_ENUM_CONVERSION = YES;
				CLANG_WARN_INFINITE_RECURSION = YES;
				CLANG_WARN_INT_CONVERSION = YES;
				CLANG_WARN_NON_LITERAL_NULL_CONVERSION = YES;
				CLANG_WARN_OBJC_IMPLICIT_RETAIN_SELF = YES;
				CLANG_WARN_OBJC_LITERAL_CONVERSION = YES;
				CLANG_WARN_OBJC_ROOT_CLASS = YES_ERROR;
				CLANG_WARN_QUOTED_INCLUDE_IN_FRAMEWORK_HEADER = YES;
				CLANG_WARN_RANGE_LOOP_ANALYSIS = YES;
				CLANG_WARN_STRICT_PROTOTYPES = YES;
				CLANG_WARN_SUSPICIOUS_MOVE = YES;
				CLANG_WARN_UNGUARDED_AVAILABILITY = YES_AGGRESSIVE;
				CLANG_WARN_UNREACHABLE_CODE = YES;
				CLANG_WARN__DUPLICATE_METHOD_MATCH = YES;
				COPY_PHASE_STRIP = NO;
				DEBUG_INFORMATION_FORMAT = "dwarf-with-dsym";
				ENABLE_NS_ASSERTIONS = NO;
				ENABLE_STRICT_OBJC_MSGSEND = YES;
				ENABLE_USER_SCRIPT_SANDBOXING = YES;
				GCC_C_LANGUAGE_STANDARD = gnu17;
				GCC_NO_COMMON_BLOCKS = YES;
				GCC_WARN_64_TO_32_BIT_CONVERSION = YES;
				GCC_WARN_ABOUT_RETURN_TYPE = YES_ERROR;
				GCC_WARN_UNDECLARED_SELECTOR = YES;
				GCC_WARN_UNINITIALIZED_AUTOS = YES_AGGRESSIVE;
				GCC_WARN_UNUSED_FUNCTION = YES;
				GCC_WARN_UNUSED_VARIABLE = YES;
				IPHONEOS_DEPLOYMENT_TARGET = 17.2;
				LOCALIZATION_PREFERS_STRING_CATALOGS = YES;
				MTL_ENABLE_DEBUG_INFO = NO;
				MTL_FAST_MATH = YES;
				SDKROOT = iphoneos;
				SWIFT_COMPILATION_MODE = wholemodule;
				VALIDATE_PRODUCT = YES;
			};
			name = Release;
		};
		0B7CC5732F1766F4008E3886 /* Debug */ = {
			isa = XCBuildConfiguration;
			buildSettings = {
				ASSETCATALOG_COMPILER_APPICON_NAME = AppIcon;
				ASSETCATALOG_COMPILER_GLOBAL_ACCENT_COLOR_NAME = AccentColor;
				CODE_SIGN_STYLE = Automatic;
				CURRENT_PROJECT_VERSION = 1;
				DEVELOPMENT_ASSET_PATHS = "\"RickyMortyApp/Preview Content\"";
				ENABLE_PREVIEWS = YES;
				GENERATE_INFOPLIST_FILE = YES;
				INFOPLIST_KEY_UIApplicationSceneManifest_Generation = YES;
				INFOPLIST_KEY_UIApplicationSupportsIndirectInputEvents = YES;
				INFOPLIST_KEY_UILaunchScreen_Generation = YES;
				INFOPLIST_KEY_UISupportedInterfaceOrientations_iPad = "UIInterfaceOrientationPortrait UIInterfaceOrientationPortraitUpsideDown UIInterfaceOrientationLandscapeLeft UIInterfaceOrientationLandscapeRight";
				INFOPLIST_KEY_UISupportedInterfaceOrientations_iPhone = "UIInterfaceOrientationPortrait UIInterfaceOrientationLandscapeLeft UIInterfaceOrientationLandscapeRight";
				LD_RUNPATH_SEARCH_PATHS = (
					"$(inherited)",
					"@executable_path/Frameworks",
				);
				MARKETING_VERSION = 1.0;
				PRODUCT_BUNDLE_IDENTIFIER = AngelTejedorG.RickyMortyApp;
				PRODUCT_NAME = "$(TARGET_NAME)";
				SWIFT_EMIT_LOC_STRINGS = YES;
				SWIFT_VERSION = 5.0;
				TARGETED_DEVICE_FAMILY = "1,2";
			};
			name = Debug;
		};
		0B7CC5742F1766F4008E3886 /* Release */ = {
			isa = XCBuildConfiguration;
			buildSettings = {
				ASSETCATALOG_COMPILER_APPICON_NAME = AppIcon;
				ASSETCATALOG_COMPILER_GLOBAL_ACCENT_COLOR_NAME = AccentColor;
				CODE_SIGN_STYLE = Automatic;
				CURRENT_PROJECT_VERSION = 1;
				DEVELOPMENT_ASSET_PATHS = "\"RickyMortyApp/Preview Content\"";
				ENABLE_PREVIEWS = YES;
				GENERATE_INFOPLIST_FILE = YES;
				INFOPLIST_KEY_UIApplicationSceneManifest_Generation = YES;
				INFOPLIST_KEY_UIApplicationSupportsIndirectInputEvents = YES;
				INFOPLIST_KEY_UILaunchScreen_Generation = YES;
				INFOPLIST_KEY_UISupportedInterfaceOrientations_iPad = "UIInterfaceOrientationPortrait UIInterfaceOrientationPortraitUpsideDown UIInterfaceOrientationLandscapeLeft UIInterfaceOrientationLandscapeRight";
				INFOPLIST_KEY_UISupportedInterfaceOrientations_iPhone = "UIInterfaceOrientationPortrait UIInterfaceOrientationLandscapeLeft UIInterfaceOrientationLandscapeRight";
				LD_RUNPATH_SEARCH_PATHS = (
					"$(inherited)",
					"@executable_path/Frameworks",
				);
				MARKETING_VERSION = 1.0;
				PRODUCT_BUNDLE_IDENTIFIER = AngelTejedorG.RickyMortyApp;
				PRODUCT_NAME = "$(TARGET_NAME)";
				SWIFT_EMIT_LOC_STRINGS = YES;
				SWIFT_VERSION = 5.0;
				TARGETED_DEVICE_FAMILY = "1,2";
			};
			name = Release;
		};
		0B7CC5762F1766F4008E3886 /* Debug */ = {
			isa = XCBuildConfiguration;
			buildSettings = {
				ALWAYS_EMBED_SWIFT_STANDARD_LIBRARIES = YES;
				BUNDLE_LOADER = "$(TEST_HOST)";
				CODE_SIGN_STYLE = Automatic;
				CURRENT_PROJECT_VERSION = 1;
				GENERATE_INFOPLIST_FILE = YES;
				IPHONEOS_DEPLOYMENT_TARGET = 17.2;
				MARKETING_VERSION = 1.0;
				PRODUCT_BUNDLE_IDENTIFIER = AngelTejedorG.RickyMortyAppTests;
				PRODUCT_NAME = "$(TARGET_NAME)";
				SWIFT_EMIT_LOC_STRINGS = NO;
				SWIFT_VERSION = 5.0;
				TARGETED_DEVICE_FAMILY = "1,2";
				TEST_HOST = "$(BUILT_PRODUCTS_DIR)/RickyMortyApp.app/$(BUNDLE_EXECUTABLE_FOLDER_PATH)/RickyMortyApp";
			};
			name = Debug;
		};
		0B7CC5772F1766F4008E3886 /* Release */ = {
			isa = XCBuildConfiguration;
			buildSettings = {
				ALWAYS_EMBED_SWIFT_STANDARD_LIBRARIES = YES;
				BUNDLE_LOADER = "$(TEST_HOST)";
				CODE_SIGN_STYLE = Automatic;
				CURRENT_PROJECT_VERSION = 1;
				GENERATE_INFOPLIST_FILE = YES;
				IPHONEOS_DEPLOYMENT_TARGET = 17.2;
				MARKETING_VERSION = 1.0;
				PRODUCT_BUNDLE_IDENTIFIER = AngelTejedorG.RickyMortyAppTests;
				PRODUCT_NAME = "$(TARGET_NAME)";
				SWIFT_EMIT_LOC_STRINGS = NO;
				SWIFT_VERSION = 5.0;
				TARGETED_DEVICE_FAMILY = "1,2";
				TEST_HOST = "$(BUILT_PRODUCTS_DIR)/RickyMortyApp.app/$(BUNDLE_EXECUTABLE_FOLDER_PATH)/RickyMortyApp";
			};
			name = Release;
		};
		0B7CC5792F1766F4008E3886 /* Debug */ = {
			isa = XCBuildConfiguration;
			buildSettings = {
				ALWAYS_EMBED_SWIFT_STANDARD_LIBRARIES = YES;
				CODE_SIGN_STYLE = Automatic;
				CURRENT_PROJECT_VERSION = 1;
				GENERATE_INFOPLIST_FILE = YES;
				MARKETING_VERSION = 1.0;
				PRODUCT_BUNDLE_IDENTIFIER = AngelTejedorG.RickyMortyAppUITests;
				PRODUCT_NAME = "$(TARGET_NAME)";
				SWIFT_EMIT_LOC_STRINGS = NO;
				SWIFT_VERSION = 5.0;
				TARGETED_DEVICE_FAMILY = "1,2";
				TEST_TARGET_NAME = RickyMortyApp;
			};
			name = Debug;
		};
		0B7CC57A2F1766F4008E3886 /* Release */ = {
			isa = XCBuildConfiguration;
			buildSettings = {
				ALWAYS_EMBED_SWIFT_STANDARD_LIBRARIES = YES;
				CODE_SIGN_STYLE = Automatic;
				CURRENT_PROJECT_VERSION = 1;
				GENERATE_INFOPLIST_FILE = YES;
				MARKETING_VERSION = 1.0;
				PRODUCT_BUNDLE_IDENTIFIER = AngelTejedorG.RickyMortyAppUITests;
				PRODUCT_NAME = "$(TARGET_NAME)";
				SWIFT_EMIT_LOC_STRINGS = NO;
				SWIFT_VERSION = 5.0;
				TARGETED_DEVICE_FAMILY = "1,2";
				TEST_TARGET_NAME = RickyMortyApp;
			};
			name = Release;
		};
/* End XCBuildConfiguration section */

/* Begin XCConfigurationList section */
		0B7CC5492F1766F2008E3886 /* Build configuration list for PBXProject "RickyMortyApp" */ = {
			isa = XCConfigurationList;
			buildConfigurations = (
				0B7CC5702F1766F4008E3886 /* Debug */,
				0B7CC5712F1766F4008E3886 /* Release */,
			);
			defaultConfigurationIsVisible = 0;
			defaultConfigurationName = Release;
		};
		0B7CC5722F1766F4008E3886 /* Build configuration list for PBXNativeTarget "RickyMortyApp" */ = {
			isa = XCConfigurationList;
			buildConfigurations = (
				0B7CC5732F1766F4008E3886 /* Debug */,
				0B7CC5742F1766F4008E3886 /* Release */,
			);
			defaultConfigurationIsVisible = 0;
			defaultConfigurationName = Release;
		};
		0B7CC5752F1766F4008E3886 /* Build configuration list for PBXNativeTarget "RickyMortyAppTests" */ = {
			isa = XCConfigurationList;
			buildConfigurations = (
				0B7CC5762F1766F4008E3886 /* Debug */,
				0B7CC5772F1766F4008E3886 /* Release */,
			);
			defaultConfigurationIsVisible = 0;
			defaultConfigurationName = Release;
		};
		0B7CC5782F1766F4008E3886 /* Build configuration list for PBXNativeTarget "RickyMortyAppUITests" */ = {
			isa = XCConfigurationList;
			buildConfigurations = (
				0B7CC5792F1766F4008E3886 /* Debug */,
				0B7CC57A2F1766F4008E3886 /* Release */,
			);
			defaultConfigurationIsVisible = 0;
			defaultConfigurationName = Release;
		};
/* End XCConfigurationList section */
	};
	rootObject = 0B7CC5462F1766F2008E3886 /* Project object */;
}
