// !$*UTF8*$!
{
	archiveVersion = 1;
	classes = {
	};
	objectVersion = 56;
	objects = {

/* Begin PBXBuildFile section */
		0B7CC5522F1766F2008E3886 /* RickyMortyApp.swift in Sources */ = {isa = PBXBuildFile; fileRef = 0B7CC5512F1766F2008E3886 /* RickyMortyApp.swift */; };
		0B7CC5562F1766F3008E3886 /* Assets.xcassets in Resources */ = {isa = PBXBuildFile; fileRef = 0B7CC5552F1766F3008E3886 /* Assets.xcassets */; };
		0B7CC5832F176A9B008E3886 /* Character.swift in Sources */ = {isa = PBXBuildFile; fileRef = 0B7CC5822F176A9B008E3886 /* Character.swift */; };
		0B7CC5852F176AB8008E3886 /* CharacterPage.swift in Sources */ = {isa = PBXBuildFile; fileRef = 0B7CC5842F176AB8008E3886 /* CharacterPage.swift */; };
		0B7CC5872F176AC2008E3886 /* CharacterStatus.swift in Sources */ = {isa = PBXBuildFile; fileRef = 0B7CC5862F176AC2008E3886 /* CharacterStatus.swift */; };
		0B7CC5892F176AD2008E3886 /* CharacterGender.swift in Sources */ = {isa = PBXBuildFile; fileRef = 0B7CC5882F176AD2008E3886 /* CharacterGender.swift */; };
		0B7CC58C2F176DE1008E3886 /* APIError.swift in Sources */ = {isa = PBXBuildFile; fileRef = 0B7CC58B2F176DE1008E3886 /* APIError.swift */; };
		0B7CC5902F1771DC008E3886 /* URLSessionProtocol.swift in Sources */ = {isa = PBXBuildFile; fileRef = 0B7CC58F2F1771DC008E3886 /* URLSessionProtocol.swift */; };
		0B7CC5922F177248008E3886 /* Endpoint.swift in Sources */ = {isa = PBXBuildFile; fileRef = 0B7CC5912F177248008E3886 /* Endpoint.swift */; };
		0B7CC5942F17724F008E3886 /* APIClient.swift in Sources */ = {isa = PBXBuildFile; fileRef = 0B7CC5932F17724F008E3886 /* APIClient.swift */; };
		0B7CC5962F177261008E3886 /* CharacterRepository.swift in Sources */ = {isa = PBXBuildFile; fileRef = 0B7CC5952F177261008E3886 /* CharacterRepository.swift */; };
		0B7CC5982F17726D008E3886 /* CharacterRepositoryImpl.swift in Sources */ = {isa = PBXBuildFile; fileRef = 0B7CC5972F17726D008E3886 /* CharacterRepositoryImpl.swift */; };
		0B7CC59C2F1852BA008E3886 /* CharacterListViewModel.swift in Sources */ = {isa = PBXBuildFile; fileRef = 0B7CC59B2F1852BA008E3886 /* CharacterListViewModel.swift */; };
		0B7CC59E2F1852CA008E3886 /* CharacterDetailViewModel.swift in Sources */ = {isa = PBXBuildFile; fileRef = 0B7CC59D2F1852CA008E3886 /* CharacterDetailViewModel.swift */; };
		0B7CC5A02F1852D9008E3886 /* CharacterListViewState.swift in Sources */ = {isa = PBXBuildFile; fileRef = 0B7CC59F2F1852D9008E3886 /* CharacterListViewState.swift */; };
		0B7CC5A22F1852E6008E3886 /* CharacterDetailViewState.swift in Sources */ = {isa = PBXBuildFile; fileRef = 0B7CC5A12F1852E6008E3886 /* CharacterDetailViewState.swift */; };
		0B7CC5A72F186025008E3886 /* LoadingView.swift in Sources */ = {isa = PBXBuildFile; fileRef = 0B7CC5A62F186025008E3886 /* LoadingView.swift */; };
		0B7CC5A92F186065008E3886 /* ErrorView.swift in Sources */ = {isa = PBXBuildFile; fileRef = 0B7CC5A82F186065008E3886 /* ErrorView.swift */; };
		0B7CC5AB2F1861DC008E3886 /* EmptyStateView.swift in Sources */ = {isa = PBXBuildFile; fileRef = 0B7CC5AA2F1861DC008E3886 /* EmptyStateView.swift */; };
		0B7CC5AD2F186532008E3886 /* CharacterRowView.swift in Sources */ = {isa = PBXBuildFile; fileRef = 0B7CC5AC2F186532008E3886 /* CharacterRowView.swift */; };
		0B7CC5AF2F18653E008E3886 /* CharacterListView.swift in Sources */ = {isa = PBXBuildFile; fileRef = 0B7CC5AE2F18653E008E3886 /* CharacterListView.swift */; };
		0B7CC5B12F186550008E3886 /* CharacterDetailView.swift in Sources */ = {isa = PBXBuildFile; fileRef = 0B7CC5B02F186550008E3886 /* CharacterDetailView.swift */; };
		0B8EE8622F18A302009E34B7 /* AppCoordinator.swift in Sources */ = {isa = PBXBuildFile; fileRef = 0B8EE8612F18A302009E34B7 /* AppCoordinator.swift */; };
		0B8EE8642F18A6C3009E34B7 /* Logger.swift in Sources */ = {isa = PBXBuildFile; fileRef = 0B8EE8632F18A6C3009E34B7 /* Logger.swift */; };
		0B8EE86C2F18C36D009E34B7 /* MockCharacterRepository.swift in Sources */ = {isa = PBXBuildFile; fileRef = 0B8EE86B2F18C36D009E34B7 /* MockCharacterRepository.swift */; };
		0B8EE86E2F18C3D5009E34B7 /* MockURLSession.swift in Sources */ = {isa = PBXBuildFile; fileRef = 0B8EE86D2F18C3D5009E34B7 /* MockURLSession.swift */; };
		0B8EE8702F18C3F2009E34B7 /* TestData.swift in Sources */ = {isa = PBXBuildFile; fileRef = 0B8EE86F2F18C3F2009E34B7 /* TestData.swift */; };
		0B8EE8722F18C44A009E34B7 /* APIClientTests.swift in Sources */ = {isa = PBXBuildFile; fileRef = 0B8EE8712F18C44A009E34B7 /* APIClientTests.swift */; };
		0B8EE8742F18C479009E34B7 /* CharacterListViewModelTests.swift in Sources */ = {isa = PBXBuildFile; fileRef = 0B8EE8732F18C479009E34B7 /* CharacterListViewModelTests.swift */; };
		0B8EE8762F18C49F009E34B7 /* AppCoordinatorTests.swift in Sources */ = {isa = PBXBuildFile; fileRef = 0B8EE8752F18C49F009E34B7 /* AppCoordinatorTests.swift */; };
/* End PBXBuildFile section */

/* Begin PBXContainerItemProxy section */
		0B7CC55F2F1766F4008E3886 /* PBXContainerItemProxy */ = {
			isa = PBXContainerItemProxy;
			containerPortal = 0B7CC5462F1766F2008E3886 /* Project object */;
			proxyType = 1;
			remoteGlobalIDString = 0B7CC54D2F1766F2008E3886;
			remoteInfo = RickyMortyApp;
		};
/* End PBXContainerItemProxy section */

/* Begin PBXFileReference section */
		0B7CC54E2F1766F2008E3886 /* RickyMortyApp.app */ = {isa = PBXFileReference; explicitFileType = wrapper.application; includeInIndex = 0; path = RickyMortyApp.app; sourceTree = BUILT_PRODUCTS_DIR; };
		0B7CC5512F1766F2008E3886 /* RickyMortyApp.swift */ = {isa = PBXFileReference; lastKnownFileType = sourcecode.swift; path = RickyMortyApp.swift; sourceTree = "<group>"; };
		0B7CC5552F1766F3008E3886 /* Assets.xcassets */ = {isa = PBXFileReference; lastKnownFileType = folder.assetcatalog; path = Assets.xcassets; sourceTree = "<group>"; };
		0B7CC55E2F1766F4008E3886 /* RickyMortyAppTests.xctest */ = {isa = PBXFileReference; explicitFileType = wrapper.cfbundle; includeInIndex = 0; path = RickyMortyAppTests.xctest; sourceTree = BUILT_PRODUCTS_DIR; };
		0B7CC5822F176A9B008E3886 /* Character.swift */ = {isa = PBXFileReference; lastKnownFileType = sourcecode.swift; path = Character.swift; sourceTree = "<group>"; };
		0B7CC5842F176AB8008E3886 /* CharacterPage.swift */ = {isa = PBXFileReference; lastKnownFileType = sourcecode.swift; path = CharacterPage.swift; sourceTree = "<group>"; };
		0B7CC5862F176AC2008E3886 /* CharacterStatus.swift */ = {isa = PBXFileReference; lastKnownFileType = sourcecode.swift; path = CharacterStatus.swift; sourceTree = "<group>"; };
		0B7CC5882F176AD2008E3886 /* CharacterGender.swift */ = {isa = PBXFileReference; lastKnownFileType = sourcecode.swift; path = CharacterGender.swift; sourceTree = "<group>"; };
		0B7CC58B2F176DE1008E3886 /* APIError.swift */ = {isa = PBXFileReference; lastKnownFileType = sourcecode.swift; path = APIError.swift; sourceTree = "<group>"; };
		0B7CC58F2F1771DC008E3886 /* URLSessionProtocol.swift */ = {isa = PBXFileReference; lastKnownFileType = sourcecode.swift; path = URLSessionProtocol.swift; sourceTree = "<group>"; };
		0B7CC5912F177248008E3886 /* Endpoint.swift */ = {isa = PBXFileReference; lastKnownFileType = sourcecode.swift; path = Endpoint.swift; sourceTree = "<group>"; };
		0B7CC5932F17724F008E3886 /* APIClient.swift */ = {isa = PBXFileReference; lastKnownFileType = sourcecode.swift; path = APIClient.swift; sourceTree = "<group>"; };
		0B7CC5952F177261008E3886 /* CharacterRepository.swift */ = {isa = PBXFileReference; lastKnownFileType = sourcecode.swift; path = CharacterRepository.swift; sourceTree = "<group>"; };
		0B7CC5972F17726D008E3886 /* CharacterRepositoryImpl.swift */ = {isa = PBXFileReference; lastKnownFileType = sourcecode.swift; path = CharacterRepositoryImpl.swift; sourceTree = "<group>"; };
		0B7CC59B2F1852BA008E3886 /* CharacterListViewModel.swift */ = {isa = PBXFileReference; lastKnownFileType = sourcecode.swift; path = CharacterListViewModel.swift; sourceTree = "<group>"; };
		0B7CC59D2F1852CA008E3886 /* CharacterDetailViewModel.swift */ = {isa = PBXFileReference; lastKnownFileType = sourcecode.swift; path = CharacterDetailViewModel.swift; sourceTree = "<group>"; };
		0B7CC59F2F1852D9008E3886 /* CharacterListViewState.swift */ = {isa = PBXFileReference; lastKnownFileType = sourcecode.swift; path = CharacterListViewState.swift; sourceTree = "<group>"; };
		0B7CC5A12F1852E6008E3886 /* CharacterDetailViewState.swift */ = {isa = PBXFileReference; lastKnownFileType = sourcecode.swift; path = CharacterDetailViewState.swift; sourceTree = "<group>"; };
		0B7CC5A62F186025008E3886 /* LoadingView.swift */ = {isa = PBXFileReference; lastKnownFileType = sourcecode.swift; path = LoadingView.swift; sourceTree = "<group>"; };
		0B7CC5A82F186065008E3886 /* ErrorView.swift */ = {isa = PBXFileReference; lastKnownFileType = sourcecode.swift; path = ErrorView.swift; sourceTree = "<group>"; };
		0B7CC5AA2F1861DC008E3886 /* EmptyStateView.swift */ = {isa = PBXFileReference; lastKnownFileType = sourcecode.swift; path = EmptyStateView.swift; sourceTree = "<group>"; };
		0B7CC5AC2F186532008E3886 /* CharacterRowView.swift */ = {isa = PBXFileReference; lastKnownFileType = sourcecode.swift; path = CharacterRowView.swift; sourceTree = "<group>"; };
		0B7CC5AE2F18653E008E3886 /* CharacterListView.swift */ = {isa = PBXFileReference; lastKnownFileType = sourcecode.swift; path = CharacterListView.swift; sourceTree = "<group>"; };
		0B7CC5B02F186550008E3886 /* CharacterDetailView.swift */ = {isa = PBXFileReference; lastKnownFileType = sourcecode.swift; path = CharacterDetailView.swift; sourceTree = "<group>"; };
		0B8EE8612F18A302009E34B7 /* AppCoordinator.swift */ = {isa = PBXFileReference; lastKnownFileType = sourcecode.swift; path = AppCoordinator.swift; sourceTree = "<group>"; };
		0B8EE8632F18A6C3009E34B7 /* Logger.swift */ = {isa = PBXFileReference; lastKnownFileType = sourcecode.swift; path = Logger.swift; sourceTree = "<group>"; };
		0B8EE86B2F18C36D009E34B7 /* MockCharacterRepository.swift */ = {isa = PBXFileReference; lastKnownFileType = sourcecode.swift; path = MockCharacterRepository.swift; sourceTree = "<group>"; };
		0B8EE86D2F18C3D5009E34B7 /* MockURLSession.swift */ = {isa = PBXFileReference; lastKnownFileType = sourcecode.swift; path = MockURLSession.swift; sourceTree = "<group>"; };
		0B8EE86F2F18C3F2009E34B7 /* TestData.swift */ = {isa = PBXFileReference; lastKnownFileType = sourcecode.swift; path = TestData.swift; sourceTree = "<group>"; };
		0B8EE8712F18C44A009E34B7 /* APIClientTests.swift */ = {isa = PBXFileReference; lastKnownFileType = sourcecode.swift; path = APIClientTests.swift; sourceTree = "<group>"; };
		0B8EE8732F18C479009E34B7 /* CharacterListViewModelTests.swift */ = {isa = PBXFileReference; lastKnownFileType = sourcecode.swift; path = CharacterListViewModelTests.swift; sourceTree = "<group>"; };
		0B8EE8752F18C49F009E34B7 /* AppCoordinatorTests.swift */ = {isa = PBXFileReference; lastKnownFileType = sourcecode.swift; path = AppCoordinatorTests.swift; sourceTree = "<group>"; };
/* End PBXFileReference section */

/* Begin PBXFrameworksBuildPhase section */
		0B7CC54B2F1766F2008E3886 /* Frameworks */ = {
			isa = PBXFrameworksBuildPhase;
			buildActionMask = 2147483647;
			files = (
			);
			runOnlyForDeploymentPostprocessing = 0;
		};
		0B7CC55B2F1766F4008E3886 /* Frameworks */ = {
			isa = PBXFrameworksBuildPhase;
			buildActionMask = 2147483647;
			files = (
			);
			runOnlyForDeploymentPostprocessing = 0;
		};
/* End PBXFrameworksBuildPhase section */

/* Begin PBXGroup section */
		0B7CC5452F1766F2008E3886 = {
			isa = PBXGroup;
			children = (
				0B8EE8672F18C20C009E34B7 /* RickyMortyApp */,
				0B7CC5612F1766F4008E3886 /* RickyMortyAppTests */,
				0B7CC54F2F1766F2008E3886 /* Products */,
			);
			sourceTree = "<group>";
		};
		0B7CC54F2F1766F2008E3886 /* Products */ = {
			isa = PBXGroup;
			children = (
				0B7CC54E2F1766F2008E3886 /* RickyMortyApp.app */,
				0B7CC55E2F1766F4008E3886 /* RickyMortyAppTests.xctest */,
			);
			name = Products;
			sourceTree = "<group>";
		};
		0B7CC5502F1766F2008E3886 /* App */ = {
			isa = PBXGroup;
			children = (
				0B8EE8612F18A302009E34B7 /* AppCoordinator.swift */,
			);
			path = App;
			sourceTree = "<group>";
		};
		0B7CC5612F1766F4008E3886 /* RickyMortyAppTests */ = {
			isa = PBXGroup;
			children = (
				0B8EE8682F18C33A009E34B7 /* Mocks */,
				0B8EE8712F18C44A009E34B7 /* APIClientTests.swift */,
				0B8EE8732F18C479009E34B7 /* CharacterListViewModelTests.swift */,
				0B8EE8752F18C49F009E34B7 /* AppCoordinatorTests.swift */,
			);
			path = RickyMortyAppTests;
			sourceTree = "<group>";
		};
		0B7CC57C2F176933008E3886 /* Domain */ = {
			isa = PBXGroup;
			children = (
				0B7CC5812F176A4E008E3886 /* Models */,
				0B7CC58A2F176DBA008E3886 /* Errors */,
				0B8EE8602F18A224009E34B7 /* Logger */,
			);
			path = Domain;
			sourceTree = "<group>";
		};
		0B7CC57E2F17694D008E3886 /* Data */ = {
			isa = PBXGroup;
			children = (
				0B7CC58D2F17719F008E3886 /* Network */,
				0B7CC58E2F1771B1008E3886 /* Repositories */,
			);
			path = Data;
			sourceTree = "<group>";
		};
		0B7CC57F2F176977008E3886 /* Presentation */ = {
			isa = PBXGroup;
			children = (
				0B7CC59A2F1852A1008E3886 /* CharacterList */,
				0B7CC5992F185297008E3886 /* CharacterDetail */,
			);
			path = Presentation;
			sourceTree = "<group>";
		};
		0B7CC5802F176982008E3886 /* UI */ = {
			isa = PBXGroup;
			children = (
				0B7CC5A52F186002008E3886 /* CharacterList */,
				0B7CC5A42F185FF8008E3886 /* CharacterDetail */,
				0B7CC5A32F185FF3008E3886 /* Components */,
			);
			path = UI;
			sourceTree = "<group>";
		};
		0B7CC5812F176A4E008E3886 /* Models */ = {
			isa = PBXGroup;
			children = (
				0B7CC5822F176A9B008E3886 /* Character.swift */,
				0B7CC5842F176AB8008E3886 /* CharacterPage.swift */,
				0B7CC5862F176AC2008E3886 /* CharacterStatus.swift */,
				0B7CC5882F176AD2008E3886 /* CharacterGender.swift */,
			);
			path = Models;
			sourceTree = "<group>";
		};
		0B7CC58A2F176DBA008E3886 /* Errors */ = {
			isa = PBXGroup;
			children = (
				0B7CC58B2F176DE1008E3886 /* APIError.swift */,
			);
			path = Errors;
			sourceTree = "<group>";
		};
		0B7CC58D2F17719F008E3886 /* Network */ = {
			isa = PBXGroup;
			children = (
				0B7CC58F2F1771DC008E3886 /* URLSessionProtocol.swift */,
				0B7CC5912F177248008E3886 /* Endpoint.swift */,
				0B7CC5932F17724F008E3886 /* APIClient.swift */,
			);
			path = Network;
			sourceTree = "<group>";
		};
		0B7CC58E2F1771B1008E3886 /* Repositories */ = {
			isa = PBXGroup;
			children = (
				0B7CC5952F177261008E3886 /* CharacterRepository.swift */,
				0B7CC5972F17726D008E3886 /* CharacterRepositoryImpl.swift */,
			);
			path = Repositories;
			sourceTree = "<group>";
		};
		0B7CC5992F185297008E3886 /* CharacterDetail */ = {
			isa = PBXGroup;
			children = (
				0B7CC59D2F1852CA008E3886 /* CharacterDetailViewModel.swift */,
				0B7CC5A12F1852E6008E3886 /* CharacterDetailViewState.swift */,
			);
			path = CharacterDetail;
			sourceTree = "<group>";
		};
		0B7CC59A2F1852A1008E3886 /* CharacterList */ = {
			isa = PBXGroup;
			children = (
				0B7CC59B2F1852BA008E3886 /* CharacterListViewModel.swift */,
				0B7CC59F2F1852D9008E3886 /* CharacterListViewState.swift */,
			);
			path = CharacterList;
			sourceTree = "<group>";
		};
		0B7CC5A32F185FF3008E3886 /* Components */ = {
			isa = PBXGroup;
			children = (
				0B7CC5A62F186025008E3886 /* LoadingView.swift */,
				0B7CC5A82F186065008E3886 /* ErrorView.swift */,
				0B7CC5AA2F1861DC008E3886 /* EmptyStateView.swift */,
			);
			path = Components;
			sourceTree = "<group>";
		};
		0B7CC5A42F185FF8008E3886 /* CharacterDetail */ = {
			isa = PBXGroup;
			children = (
				0B7CC5B02F186550008E3886 /* CharacterDetailView.swift */,
			);
			path = CharacterDetail;
			sourceTree = "<group>";
		};
		0B7CC5A52F186002008E3886 /* CharacterList */ = {
			isa = PBXGroup;
			children = (
				0B7CC5AC2F186532008E3886 /* CharacterRowView.swift */,
				0B7CC5AE2F18653E008E3886 /* CharacterListView.swift */,
			);
			path = CharacterList;
			sourceTree = "<group>";
		};
		0B8EE8602F18A224009E34B7 /* Logger */ = {
			isa = PBXGroup;
			children = (
				0B8EE8632F18A6C3009E34B7 /* Logger.swift */,
			);
			path = Logger;
			sourceTree = "<group>";
		};
		0B8EE8672F18C20C009E34B7 /* RickyMortyApp */ = {
			isa = PBXGroup;
			children = (
				0B7CC5502F1766F2008E3886 /* App */,
				0B7CC57C2F176933008E3886 /* Domain */,
				0B7CC57E2F17694D008E3886 /* Data */,
				0B7CC57F2F176977008E3886 /* Presentation */,
				0B7CC5802F176982008E3886 /* UI */,
				0B7CC5512F1766F2008E3886 /* RickyMortyApp.swift */,
				0B7CC5552F1766F3008E3886 /* Assets.xcassets */,
			);
			path = RickyMortyApp;
			sourceTree = "<group>";
		};
		0B8EE8682F18C33A009E34B7 /* Mocks */ = {
			isa = PBXGroup;
			children = (
				0B8EE86B2F18C36D009E34B7 /* MockCharacterRepository.swift */,
				0B8EE86D2F18C3D5009E34B7 /* MockURLSession.swift */,
				0B8EE86F2F18C3F2009E34B7 /* TestData.swift */,
			);
			path = Mocks;
			sourceTree = "<group>";
		};
/* End PBXGroup section */

/* Begin PBXNativeTarget section */
		0B7CC54D2F1766F2008E3886 /* RickyMortyApp */ = {
			isa = PBXNativeTarget;
			buildConfigurationList = 0B7CC5722F1766F4008E3886 /* Build configuration list for PBXNativeTarget "RickyMortyApp" */;
			buildPhases = (
				0B7CC54A2F1766F2008E3886 /* Sources */,
				0B7CC54B2F1766F2008E3886 /* Frameworks */,
				0B7CC54C2F1766F2008E3886 /* Resources */,
			);
			buildRules = (
			);
			dependencies = (
			);
			name = RickyMortyApp;
			productName = RickyMortyApp;
			productReference = 0B7CC54E2F1766F2008E3886 /* RickyMortyApp.app */;
			productType = "com.apple.product-type.application";
		};
		0B7CC55D2F1766F4008E3886 /* RickyMortyAppTests */ = {
			isa = PBXNativeTarget;
			buildConfigurationList = 0B7CC5752F1766F4008E3886 /* Build configuration list for PBXNativeTarget "RickyMortyAppTests" */;
			buildPhases = (
				0B7CC55A2F1766F4008E3886 /* Sources */,
				0B7CC55B2F1766F4008E3886 /* Frameworks */,
				0B7CC55C2F1766F4008E3886 /* Resources */,
			);
			buildRules = (
			);
			dependencies = (
				0B7CC5602F1766F4008E3886 /* PBXTargetDependency */,
			);
			name = RickyMortyAppTests;
			productName = RickyMortyAppTests;
			productReference = 0B7CC55E2F1766F4008E3886 /* RickyMortyAppTests.xctest */;
			productType = "com.apple.product-type.bundle.unit-test";
		};
/* End PBXNativeTarget section */

/* Begin PBXProject section */
		0B7CC5462F1766F2008E3886 /* Project object */ = {
			isa = PBXProject;
			attributes = {
				BuildIndependentTargetsInParallel = 1;
				LastSwiftUpdateCheck = 1520;
				LastUpgradeCheck = 1520;
				TargetAttributes = {
					0B7CC54D2F1766F2008E3886 = {
						CreatedOnToolsVersion = 15.2;
					};
					0B7CC55D2F1766F4008E3886 = {
						CreatedOnToolsVersion = 15.2;
						LastSwiftMigration = 1520;
						TestTargetID = 0B7CC54D2F1766F2008E3886;
					};
				};
			};
			buildConfigurationList = 0B7CC5492F1766F2008E3886 /* Build configuration list for PBXProject "RickyMortyApp" */;
			compatibilityVersion = "Xcode 14.0";
			developmentRegion = en;
			hasScannedForEncodings = 0;
			knownRegions = (
				en,
				Base,
			);
			mainGroup = 0B7CC5452F1766F2008E3886;
			productRefGroup = 0B7CC54F2F1766F2008E3886 /* Products */;
			projectDirPath = "";
			projectRoot = "";
			targets = (
				0B7CC54D2F1766F2008E3886 /* RickyMortyApp */,
				0B7CC55D2F1766F4008E3886 /* RickyMortyAppTests */,
			);
		};
/* End PBXProject section */

/* Begin PBXResourcesBuildPhase section */
		0B7CC54C2F1766F2008E3886 /* Resources */ = {
			isa = PBXResourcesBuildPhase;
			buildActionMask = 2147483647;
			files = (
				0B7CC5562F1766F3008E3886 /* Assets.xcassets in Resources */,
			);
			runOnlyForDeploymentPostprocessing = 0;
		};
		0B7CC55C2F1766F4008E3886 /* Resources */ = {
			isa = PBXResourcesBuildPhase;
			buildActionMask = 2147483647;
			files = (
			);
			runOnlyForDeploymentPostprocessing = 0;
		};
/* End PBXResourcesBuildPhase section */

/* Begin PBXSourcesBuildPhase section */
		0B7CC54A2F1766F2008E3886 /* Sources */ = {
			isa = PBXSourcesBuildPhase;
			buildActionMask = 2147483647;
			files = (
				0B8EE8622F18A302009E34B7 /* AppCoordinator.swift in Sources */,
				0B7CC59C2F1852BA008E3886 /* CharacterListViewModel.swift in Sources */,
				0B7CC5B12F186550008E3886 /* CharacterDetailView.swift in Sources */,
				0B7CC5852F176AB8008E3886 /* CharacterPage.swift in Sources */,
				0B7CC5AB2F1861DC008E3886 /* EmptyStateView.swift in Sources */,
				0B7CC5922F177248008E3886 /* Endpoint.swift in Sources */,
				0B7CC5832F176A9B008E3886 /* Character.swift in Sources */,
				0B7CC5A72F186025008E3886 /* LoadingView.swift in Sources */,
				0B7CC5942F17724F008E3886 /* APIClient.swift in Sources */,
				0B8EE8642F18A6C3009E34B7 /* Logger.swift in Sources */,
				0B7CC5A22F1852E6008E3886 /* CharacterDetailViewState.swift in Sources */,
				0B7CC5A92F186065008E3886 /* ErrorView.swift in Sources */,
				0B7CC5AF2F18653E008E3886 /* CharacterListView.swift in Sources */,
				0B7CC5AD2F186532008E3886 /* CharacterRowView.swift in Sources */,
				0B7CC5872F176AC2008E3886 /* CharacterStatus.swift in Sources */,
				0B7CC5962F177261008E3886 /* CharacterRepository.swift in Sources */,
				0B7CC59E2F1852CA008E3886 /* CharacterDetailViewModel.swift in Sources */,
				0B7CC5A02F1852D9008E3886 /* CharacterListViewState.swift in Sources */,
				0B7CC5982F17726D008E3886 /* CharacterRepositoryImpl.swift in Sources */,
				0B7CC5902F1771DC008E3886 /* URLSessionProtocol.swift in Sources */,
				0B7CC5892F176AD2008E3886 /* CharacterGender.swift in Sources */,
				0B7CC5522F1766F2008E3886 /* RickyMortyApp.swift in Sources */,
				0B7CC58C2F176DE1008E3886 /* APIError.swift in Sources */,
			);
			runOnlyForDeploymentPostprocessing = 0;
		};
		0B7CC55A2F1766F4008E3886 /* Sources */ = {
			isa = PBXSourcesBuildPhase;
			buildActionMask = 2147483647;
			files = (
				0B8EE8702F18C3F2009E34B7 /* TestData.swift in Sources */,
				0B8EE86E2F18C3D5009E34B7 /* MockURLSession.swift in Sources */,
				0B8EE8762F18C49F009E34B7 /* AppCoordinatorTests.swift in Sources */,
				0B8EE86C2F18C36D009E34B7 /* MockCharacterRepository.swift in Sources */,
				0B8EE8722F18C44A009E34B7 /* APIClientTests.swift in Sources */,
				0B8EE8742F18C479009E34B7 /* CharacterListViewModelTests.swift in Sources */,
			);
			runOnlyForDeploymentPostprocessing = 0;
		};
/* End PBXSourcesBuildPhase section */

/* Begin PBXTargetDependency section */
		0B7CC5602F1766F4008E3886 /* PBXTargetDependency */ = {
			isa = PBXTargetDependency;
			target = 0B7CC54D2F1766F2008E3886 /* RickyMortyApp */;
			targetProxy = 0B7CC55F2F1766F4008E3886 /* PBXContainerItemProxy */;
		};
/* End PBXTargetDependency section */

/* Begin XCBuildConfiguration section */
		0B7CC5702F1766F4008E3886 /* Debug */ = {
			isa = XCBuildConfiguration;
			buildSettings = {
				ALWAYS_SEARCH_USER_PATHS = NO;
				ASSETCATALOG_COMPILER_GENERATE_SWIFT_ASSET_SYMBOL_EXTENSIONS = YES;
				CLANG_ANALYZER_NONNULL = YES;
				CLANG_ANALYZER_NUMBER_OBJECT_CONVERSION = YES_AGGRESSIVE;
				CLANG_CXX_LANGUAGE_STANDARD = "gnu++20";
				CLANG_ENABLE_MODULES = YES;
				CLANG_ENABLE_OBJC_ARC = YES;
				CLANG_ENABLE_OBJC_WEAK = YES;
				CLANG_WARN_BLOCK_CAPTURE_AUTORELEASING = YES;
				CLANG_WARN_BOOL_CONVERSION = YES;
				CLANG_WARN_COMMA = YES;
				CLANG_WARN_CONSTANT_CONVERSION = YES;
				CLANG_WARN_DEPRECATED_OBJC_IMPLEMENTATIONS = YES;
				CLANG_WARN_DIRECT_OBJC_ISA_USAGE = YES_ERROR;
				CLANG_WARN_DOCUMENTATION_COMMENTS = YES;
				CLANG_WARN_EMPTY_BODY = YES;
				CLANG_WARN_ENUM_CONVERSION = YES;
				CLANG_WARN_INFINITE_RECURSION = YES;
				CLANG_WARN_INT_CONVERSION = YES;
				CLANG_WARN_NON_LITERAL_NULL_CONVERSION = YES;
				CLANG_WARN_OBJC_IMPLICIT_RETAIN_SELF = YES;
				CLANG_WARN_OBJC_LITERAL_CONVERSION = YES;
				CLANG_WARN_OBJC_ROOT_CLASS = YES_ERROR;
				CLANG_WARN_QUOTED_INCLUDE_IN_FRAMEWORK_HEADER = YES;
				CLANG_WARN_RANGE_LOOP_ANALYSIS = YES;
				CLANG_WARN_STRICT_PROTOTYPES = YES;
				CLANG_WARN_SUSPICIOUS_MOVE = YES;
				CLANG_WARN_UNGUARDED_AVAILABILITY = YES_AGGRESSIVE;
				CLANG_WARN_UNREACHABLE_CODE = YES;
				CLANG_WARN__DUPLICATE_METHOD_MATCH = YES;
				COPY_PHASE_STRIP = NO;
				DEBUG_INFORMATION_FORMAT = dwarf;
				ENABLE_STRICT_OBJC_MSGSEND = YES;
				ENABLE_TESTABILITY = YES;
				ENABLE_USER_SCRIPT_SANDBOXING = YES;
				GCC_C_LANGUAGE_STANDARD = gnu17;
				GCC_DYNAMIC_NO_PIC = NO;
				GCC_NO_COMMON_BLOCKS = YES;
				GCC_OPTIMIZATION_LEVEL = 0;
				GCC_PREPROCESSOR_DEFINITIONS = (
					"DEBUG=1",
					"$(inherited)",
				);
				GCC_WARN_64_TO_32_BIT_CONVERSION = YES;
				GCC_WARN_ABOUT_RETURN_TYPE = YES_ERROR;
				GCC_WARN_UNDECLARED_SELECTOR = YES;
				GCC_WARN_UNINITIALIZED_AUTOS = YES_AGGRESSIVE;
				GCC_WARN_UNUSED_FUNCTION = YES;
				GCC_WARN_UNUSED_VARIABLE = YES;
				IPHONEOS_DEPLOYMENT_TARGET = 17.2;
				LOCALIZATION_PREFERS_STRING_CATALOGS = YES;
				MTL_ENABLE_DEBUG_INFO = INCLUDE_SOURCE;
				MTL_FAST_MATH = YES;
				ONLY_ACTIVE_ARCH = YES;
				SDKROOT = iphoneos;
				SWIFT_ACTIVE_COMPILATION_CONDITIONS = "DEBUG $(inherited)";
				SWIFT_OPTIMIZATION_LEVEL = "-Onone";
			};
			name = Debug;
		};
		0B7CC5712F1766F4008E3886 /* Release */ = {
			isa = XCBuildConfiguration;
			buildSettings = {
				ALWAYS_SEARCH_USER_PATHS = NO;
				ASSETCATALOG_COMPILER_GENERATE_SWIFT_ASSET_SYMBOL_EXTENSIONS = YES;
				CLANG_ANALYZER_NONNULL = YES;
				CLANG_ANALYZER_NUMBER_OBJECT_CONVERSION = YES_AGGRESSIVE;
				CLANG_CXX_LANGUAGE_STANDARD = "gnu++20";
				CLANG_ENABLE_MODULES = YES;
				CLANG_ENABLE_OBJC_ARC = YES;
				CLANG_ENABLE_OBJC_WEAK = YES;
				CLANG_WARN_BLOCK_CAPTURE_AUTORELEASING = YES;
				CLANG_WARN_BOOL_CONVERSION = YES;
				CLANG_WARN_COMMA = YES;
				CLANG_WARN_CONSTANT_CONVERSION = YES;
				CLANG_WARN_DEPRECATED_OBJC_IMPLEMENTATIONS = YES;
				CLANG_WARN_DIRECT_OBJC_ISA_USAGE = YES_ERROR;
				CLANG_WARN_DOCUMENTATION_COMMENTS = YES;
				CLANG_WARN_EMPTY_BODY = YES;
				CLANG_WARN_ENUM_CONVERSION = YES;
				CLANG_WARN_INFINITE_RECURSION = YES;
				CLANG_WARN_INT_CONVERSION = YES;
				CLANG_WARN_NON_LITERAL_NULL_CONVERSION = YES;
				CLANG_WARN_OBJC_IMPLICIT_RETAIN_SELF = YES;
				CLANG_WARN_OBJC_LITERAL_CONVERSION = YES;
				CLANG_WARN_OBJC_ROOT_CLASS = YES_ERROR;
				CLANG_WARN_QUOTED_INCLUDE_IN_FRAMEWORK_HEADER = YES;
				CLANG_WARN_RANGE_LOOP_ANALYSIS = YES;
				CLANG_WARN_STRICT_PROTOTYPES = YES;
				CLANG_WARN_SUSPICIOUS_MOVE = YES;
				CLANG_WARN_UNGUARDED_AVAILABILITY = YES_AGGRESSIVE;
				CLANG_WARN_UNREACHABLE_CODE = YES;
				CLANG_WARN__DUPLICATE_METHOD_MATCH = YES;
				COPY_PHASE_STRIP = NO;
				DEBUG_INFORMATION_FORMAT = "dwarf-with-dsym";
				ENABLE_NS_ASSERTIONS = NO;
				ENABLE_STRICT_OBJC_MSGSEND = YES;
				ENABLE_USER_SCRIPT_SANDBOXING = YES;
				GCC_C_LANGUAGE_STANDARD = gnu17;
				GCC_NO_COMMON_BLOCKS = YES;
				GCC_WARN_64_TO_32_BIT_CONVERSION = YES;
				GCC_WARN_ABOUT_RETURN_TYPE = YES_ERROR;
				GCC_WARN_UNDECLARED_SELECTOR = YES;
				GCC_WARN_UNINITIALIZED_AUTOS = YES_AGGRESSIVE;
				GCC_WARN_UNUSED_FUNCTION = YES;
				GCC_WARN_UNUSED_VARIABLE = YES;
				IPHONEOS_DEPLOYMENT_TARGET = 17.2;
				LOCALIZATION_PREFERS_STRING_CATALOGS = YES;
				MTL_ENABLE_DEBUG_INFO = NO;
				MTL_FAST_MATH = YES;
				SDKROOT = iphoneos;
				SWIFT_COMPILATION_MODE = wholemodule;
				VALIDATE_PRODUCT = YES;
			};
			name = Release;
		};
		0B7CC5732F1766F4008E3886 /* Debug */ = {
			isa = XCBuildConfiguration;
			buildSettings = {
				ASSETCATALOG_COMPILER_APPICON_NAME = AppIcon;
				ASSETCATALOG_COMPILER_GLOBAL_ACCENT_COLOR_NAME = AccentColor;
				CODE_SIGN_STYLE = Automatic;
				CURRENT_PROJECT_VERSION = 1;
				DEVELOPMENT_ASSET_PATHS = "";
				ENABLE_PREVIEWS = YES;
				GENERATE_INFOPLIST_FILE = YES;
				INFOPLIST_KEY_UIApplicationSceneManifest_Generation = YES;
				INFOPLIST_KEY_UIApplicationSupportsIndirectInputEvents = YES;
				INFOPLIST_KEY_UILaunchScreen_Generation = YES;
				INFOPLIST_KEY_UISupportedInterfaceOrientations_iPad = "UIInterfaceOrientationPortrait UIInterfaceOrientationPortraitUpsideDown UIInterfaceOrientationLandscapeLeft UIInterfaceOrientationLandscapeRight";
				INFOPLIST_KEY_UISupportedInterfaceOrientations_iPhone = "UIInterfaceOrientationPortrait UIInterfaceOrientationLandscapeLeft UIInterfaceOrientationLandscapeRight";
				IPHONEOS_DEPLOYMENT_TARGET = 17.0;
				LD_RUNPATH_SEARCH_PATHS = (
					"$(inherited)",
					"@executable_path/Frameworks",
				);
				MARKETING_VERSION = 1.0;
				PRODUCT_BUNDLE_IDENTIFIER = AngelTejedorG.RickyMortyApp;
				PRODUCT_NAME = "$(TARGET_NAME)";
				SWIFT_EMIT_LOC_STRINGS = YES;
				SWIFT_VERSION = 5.0;
				TARGETED_DEVICE_FAMILY = "1,2";
			};
			name = Debug;
		};
		0B7CC5742F1766F4008E3886 /* Release */ = {
			isa = XCBuildConfiguration;
			buildSettings = {
				ASSETCATALOG_COMPILER_APPICON_NAME = AppIcon;
				ASSETCATALOG_COMPILER_GLOBAL_ACCENT_COLOR_NAME = AccentColor;
				CODE_SIGN_STYLE = Automatic;
				CURRENT_PROJECT_VERSION = 1;
				DEVELOPMENT_ASSET_PATHS = "";
				ENABLE_PREVIEWS = YES;
				GENERATE_INFOPLIST_FILE = YES;
				INFOPLIST_KEY_UIApplicationSceneManifest_Generation = YES;
				INFOPLIST_KEY_UIApplicationSupportsIndirectInputEvents = YES;
				INFOPLIST_KEY_UILaunchScreen_Generation = YES;
				INFOPLIST_KEY_UISupportedInterfaceOrientations_iPad = "UIInterfaceOrientationPortrait UIInterfaceOrientationPortraitUpsideDown UIInterfaceOrientationLandscapeLeft UIInterfaceOrientationLandscapeRight";
				INFOPLIST_KEY_UISupportedInterfaceOrientations_iPhone = "UIInterfaceOrientationPortrait UIInterfaceOrientationLandscapeLeft UIInterfaceOrientationLandscapeRight";
				IPHONEOS_DEPLOYMENT_TARGET = 17.0;
				LD_RUNPATH_SEARCH_PATHS = (
					"$(inherited)",
					"@executable_path/Frameworks",
				);
				MARKETING_VERSION = 1.0;
				PRODUCT_BUNDLE_IDENTIFIER = AngelTejedorG.RickyMortyApp;
				PRODUCT_NAME = "$(TARGET_NAME)";
				SWIFT_EMIT_LOC_STRINGS = YES;
				SWIFT_VERSION = 5.0;
				TARGETED_DEVICE_FAMILY = "1,2";
			};
			name = Release;
		};
		0B7CC5762F1766F4008E3886 /* Debug */ = {
			isa = XCBuildConfiguration;
			buildSettings = {
				ALWAYS_EMBED_SWIFT_STANDARD_LIBRARIES = YES;
				BUNDLE_LOADER = "$(TEST_HOST)";
				CLANG_ENABLE_MODULES = YES;
				CODE_SIGN_STYLE = Automatic;
				CURRENT_PROJECT_VERSION = 1;
				GENERATE_INFOPLIST_FILE = YES;
				IPHONEOS_DEPLOYMENT_TARGET = 17.2;
				MARKETING_VERSION = 1.0;
				PRODUCT_BUNDLE_IDENTIFIER = AngelTejedorG.RickyMortyAppTests;
				PRODUCT_NAME = "$(TARGET_NAME)";
				SWIFT_EMIT_LOC_STRINGS = NO;
				SWIFT_OPTIMIZATION_LEVEL = "-Onone";
				SWIFT_VERSION = 5.0;
				TARGETED_DEVICE_FAMILY = "1,2";
				TEST_HOST = "$(BUILT_PRODUCTS_DIR)/RickyMortyApp.app/$(BUNDLE_EXECUTABLE_FOLDER_PATH)/RickyMortyApp";
			};
			name = Debug;
		};
		0B7CC5772F1766F4008E3886 /* Release */ = {
			isa = XCBuildConfiguration;
			buildSettings = {
				ALWAYS_EMBED_SWIFT_STANDARD_LIBRARIES = YES;
				BUNDLE_LOADER = "$(TEST_HOST)";
				CLANG_ENABLE_MODULES = YES;
				CODE_SIGN_STYLE = Automatic;
				CURRENT_PROJECT_VERSION = 1;
				GENERATE_INFOPLIST_FILE = YES;
				IPHONEOS_DEPLOYMENT_TARGET = 17.2;
				MARKETING_VERSION = 1.0;
				PRODUCT_BUNDLE_IDENTIFIER = AngelTejedorG.RickyMortyAppTests;
				PRODUCT_NAME = "$(TARGET_NAME)";
				SWIFT_EMIT_LOC_STRINGS = NO;
				SWIFT_VERSION = 5.0;
				TARGETED_DEVICE_FAMILY = "1,2";
				TEST_HOST = "$(BUILT_PRODUCTS_DIR)/RickyMortyApp.app/$(BUNDLE_EXECUTABLE_FOLDER_PATH)/RickyMortyApp";
			};
			name = Release;
		};
/* End XCBuildConfiguration section */

/* Begin XCConfigurationList section */
		0B7CC5492F1766F2008E3886 /* Build configuration list for PBXProject "RickyMortyApp" */ = {
			isa = XCConfigurationList;
			buildConfigurations = (
				0B7CC5702F1766F4008E3886 /* Debug */,
				0B7CC5712F1766F4008E3886 /* Release */,
			);
			defaultConfigurationIsVisible = 0;
			defaultConfigurationName = Release;
		};
		0B7CC5722F1766F4008E3886 /* Build configuration list for PBXNativeTarget "RickyMortyApp" */ = {
			isa = XCConfigurationList;
			buildConfigurations = (
				0B7CC5732F1766F4008E3886 /* Debug */,
				0B7CC5742F1766F4008E3886 /* Release */,
			);
			defaultConfigurationIsVisible = 0;
			defaultConfigurationName = Release;
		};
		0B7CC5752F1766F4008E3886 /* Build configuration list for PBXNativeTarget "RickyMortyAppTests" */ = {
			isa = XCConfigurationList;
			buildConfigurations = (
				0B7CC5762F1766F4008E3886 /* Debug */,
				0B7CC5772F1766F4008E3886 /* Release */,
			);
			defaultConfigurationIsVisible = 0;
			defaultConfigurationName = Release;
		};
/* End XCConfigurationList section */
	};
	rootObject = 0B7CC5462F1766F2008E3886 /* Project object */;
}
